
Microsoft Visual Studio Solution File, Format Version 12.00
# Visual Studio 15
VisualStudioVersion = 15.0.27004.2005
MinimumVisualStudioVersion = 10.0.40219.1
Project("{FAE04EC0-301F-11D3-BF4B-00C04F79EFBC}") = "StrankyObce", "StrankyObce\StrankyObce.csproj", "{FFEF3380-8D93-450E-9486-C0E15784D93B}"
EndProject
Project("{FAE04EC0-301F-11D3-BF4B-00C04F79EFBC}") = "DataAcces", "DataAcces\DataAcces.csproj", "{03AF4D8E-48B0-44C5-8365-970CF8262C19}"
EndProject
Global
	GlobalSection(SolutionConfigurationPlatforms) = preSolution
		Debug|Any CPU = Debug|Any CPU
		Debug|ARM = Debug|ARM
		Debug|x64 = Debug|x64
		Debug|x86 = Debug|x86
		Release|Any CPU = Release|Any CPU
		Release|ARM = Release|ARM
		Release|x64 = Release|x64
		Release|x86 = Release|x86
	EndGlobalSection
	GlobalSection(ProjectConfigurationPlatforms) = postSolution
		{FFEF3380-8D93-450E-9486-C0E15784D93B}.Debug|Any CPU.ActiveCfg = Debug|Any CPU
		{FFEF3380-8D93-450E-9486-C0E15784D93B}.Debug|Any CPU.Build.0 = Debug|Any CPU
		{FFEF3380-8D93-450E-9486-C0E15784D93B}.Debug|ARM.ActiveCfg = Debug|Any CPU
		{FFEF3380-8D93-450E-9486-C0E15784D93B}.Debug|ARM.Build.0 = Debug|Any CPU
		{FFEF3380-8D93-450E-9486-C0E15784D93B}.Debug|x64.ActiveCfg = Debug|Any CPU
		{FFEF3380-8D93-450E-9486-C0E15784D93B}.Debug|x64.Build.0 = Debug|Any CPU
		{FFEF3380-8D93-450E-9486-C0E15784D93B}.Debug|x86.ActiveCfg = Debug|Any CPU
		{FFEF3380-8D93-450E-9486-C0E15784D93B}.Debug|x86.Build.0 = Debug|Any CPU
		{FFEF3380-8D93-450E-9486-C0E15784D93B}.Release|Any CPU.ActiveCfg = Release|Any CPU
		{FFEF3380-8D93-450E-9486-C0E15784D93B}.Release|Any CPU.Build.0 = Release|Any CPU
		{FFEF3380-8D93-450E-9486-C0E15784D93B}.Release|ARM.ActiveCfg = Release|Any CPU
		{FFEF3380-8D93-450E-9486-C0E15784D93B}.Release|ARM.Build.0 = Release|Any CPU
		{FFEF3380-8D93-450E-9486-C0E15784D93B}.Release|x64.ActiveCfg = Release|Any CPU
		{FFEF3380-8D93-450E-9486-C0E15784D93B}.Release|x64.Build.0 = Release|Any CPU
		{FFEF3380-8D93-450E-9486-C0E15784D93B}.Release|x86.ActiveCfg = Release|Any CPU
		{FFEF3380-8D93-450E-9486-C0E15784D93B}.Release|x86.Build.0 = Release|Any CPU
		{03AF4D8E-48B0-44C5-8365-970CF8262C19}.Debug|Any CPU.ActiveCfg = Debug|Any CPU
		{03AF4D8E-48B0-44C5-8365-970CF8262C19}.Debug|Any CPU.Build.0 = Debug|Any CPU
		{03AF4D8E-48B0-44C5-8365-970CF8262C19}.Debug|ARM.ActiveCfg = Debug|Any CPU
		{03AF4D8E-48B0-44C5-8365-970CF8262C19}.Debug|ARM.Build.0 = Debug|Any CPU
		{03AF4D8E-48B0-44C5-8365-970CF8262C19}.Debug|x64.ActiveCfg = Debug|Any CPU
		{03AF4D8E-48B0-44C5-8365-970CF8262C19}.Debug|x64.Build.0 = Debug|Any CPU
		{03AF4D8E-48B0-44C5-8365-970CF8262C19}.Debug|x86.ActiveCfg = Debug|Any CPU
		{03AF4D8E-48B0-44C5-8365-970CF8262C19}.Debug|x86.Build.0 = Debug|Any CPU
		{03AF4D8E-48B0-44C5-8365-970CF8262C19}.Release|Any CPU.ActiveCfg = Release|Any CPU
		{03AF4D8E-48B0-44C5-8365-970CF8262C19}.Release|Any CPU.Build.0 = Release|Any CPU
		{03AF4D8E-48B0-44C5-8365-970CF8262C19}.Release|ARM.ActiveCfg = Release|Any CPU
		{03AF4D8E-48B0-44C5-8365-970CF8262C19}.Release|ARM.Build.0 = Release|Any CPU
		{03AF4D8E-48B0-44C5-8365-970CF8262C19}.Release|x64.ActiveCfg = Release|Any CPU
		{03AF4D8E-48B0-44C5-8365-970CF8262C19}.Release|x64.Build.0 = Release|Any CPU
		{03AF4D8E-48B0-44C5-8365-970CF8262C19}.Release|x86.ActiveCfg = Release|Any CPU
		{03AF4D8E-48B0-44C5-8365-970CF8262C19}.Release|x86.Build.0 = Release|Any CPU
	EndGlobalSection
	GlobalSection(SolutionProperties) = preSolution
		HideSolutionNode = FALSE
	EndGlobalSection
	GlobalSection(ExtensibilityGlobals) = postSolution
		SolutionGuid = {EFAB6C61-CD6D-4A8A-AC54-A113E02D8350}
	EndGlobalSection
EndGlobal
